
Microsoft Visual Studio Solution File, Format Version 12.00
# Visual Studio 15
VisualStudioVersion = 15.0.26730.10
MinimumVisualStudioVersion = 10.0.40219.1
Project("{FAE04EC0-301F-11D3-BF4B-00C04F79EFBC}") = "Cartel", "Cartel\Cartel\Cartel.csproj", "{C9DEABF7-390D-4583-96D1-DB2C27C8D954}"
EndProject
Project("{96E2B04D-8817-42C6-938A-82C39BA4D311}") = "CartelContent", "Cartel\CartelContent\CartelContent.contentproj", "{F3EE9A77-5483-4185-BC03-3AD7540CEBC0}"
EndProject
Global
	GlobalSection(SolutionConfigurationPlatforms) = preSolution
		Debug|x86 = Debug|x86
		Release|x86 = Release|x86
	EndGlobalSection
	GlobalSection(ProjectConfigurationPlatforms) = postSolution
		{C9DEABF7-390D-4583-96D1-DB2C27C8D954}.Debug|x86.ActiveCfg = Debug|x86
		{C9DEABF7-390D-4583-96D1-DB2C27C8D954}.Debug|x86.Build.0 = Debug|x86
		{C9DEABF7-390D-4583-96D1-DB2C27C8D954}.Release|x86.ActiveCfg = Release|x86
		{C9DEABF7-390D-4583-96D1-DB2C27C8D954}.Release|x86.Build.0 = Release|x86
		{F3EE9A77-5483-4185-BC03-3AD7540CEBC0}.Debug|x86.ActiveCfg = Debug|x86
		{F3EE9A77-5483-4185-BC03-3AD7540CEBC0}.Release|x86.ActiveCfg = Release|x86
	EndGlobalSection
	GlobalSection(SolutionProperties) = preSolution
		HideSolutionNode = FALSE
	EndGlobalSection
	GlobalSection(ExtensibilityGlobals) = postSolution
		SolutionGuid = {BB5EB3EE-E5B2-43EB-8BC1-897A9E8266D5}
	EndGlobalSection
EndGlobal
